
Microsoft Visual Studio Solution File, Format Version 12.00
# Visual Studio 15
Project("{FAE04EC0-301F-11D3-BF4B-00C04F79EFBC}") = "Assembly-CSharp", "Assembly-CSharp.csproj", "{9D4D4A79-4545-73F6-86DC-F46339F7FAA6}"
EndProject
Project("{FAE04EC0-301F-11D3-BF4B-00C04F79EFBC}") = "Assembly-CSharp-Editor", "Assembly-CSharp-Editor.csproj", "{9E1B960F-1918-6E2D-1070-D4E35D21F64C}"
EndProject
Global
	GlobalSection(SolutionConfigurationPlatforms) = preSolution
		Debug|Any CPU = Debug|Any CPU
		Release|Any CPU = Release|Any CPU
	EndGlobalSection
	GlobalSection(ProjectConfigurationPlatforms) = postSolution
		{9D4D4A79-4545-73F6-86DC-F46339F7FAA6}.Debug|Any CPU.ActiveCfg = Debug|Any CPU
		{9D4D4A79-4545-73F6-86DC-F46339F7FAA6}.Debug|Any CPU.Build.0 = Debug|Any CPU
		{9D4D4A79-4545-73F6-86DC-F46339F7FAA6}.Release|Any CPU.ActiveCfg = Release|Any CPU
		{9D4D4A79-4545-73F6-86DC-F46339F7FAA6}.Release|Any CPU.Build.0 = Release|Any CPU
		{9E1B960F-1918-6E2D-1070-D4E35D21F64C}.Debug|Any CPU.ActiveCfg = Debug|Any CPU
		{9E1B960F-1918-6E2D-1070-D4E35D21F64C}.Debug|Any CPU.Build.0 = Debug|Any CPU
		{9E1B960F-1918-6E2D-1070-D4E35D21F64C}.Release|Any CPU.ActiveCfg = Release|Any CPU
		{9E1B960F-1918-6E2D-1070-D4E35D21F64C}.Release|Any CPU.Build.0 = Release|Any CPU
	EndGlobalSection
	GlobalSection(SolutionProperties) = preSolution
		HideSolutionNode = FALSE
	EndGlobalSection
EndGlobal
